
Microsoft Visual Studio Solution File, Format Version 12.00
# Visual Studio 15
VisualStudioVersion = 15.0.27703.2018
MinimumVisualStudioVersion = 10.0.40219.1
Project("{FAE04EC0-301F-11D3-BF4B-00C04F79EFBC}") = "creatSln", "creatSln\creatSln.csproj", "{EA0C380E-3B30-4FBC-935E-501988256A74}"
EndProject
Project("{FAE04EC0-301F-11D3-BF4B-00C04F79EFBC}") = "readJsonFlieTest", "readJsonFlieTest\readJsonFlieTest.csproj", "{34312292-CCDD-4A55-938D-B101747A8173}"
EndProject
Project("{FAE04EC0-301F-11D3-BF4B-00C04F79EFBC}") = "deseriliseJson", "deseriliseJson\deseriliseJson.csproj", "{0EF75DD1-CD99-42B9-92A8-F93689875B29}"
EndProject
Global
	GlobalSection(SolutionConfigurationPlatforms) = preSolution
		Debug|Any CPU = Debug|Any CPU
		Release|Any CPU = Release|Any CPU
	EndGlobalSection
	GlobalSection(ProjectConfigurationPlatforms) = postSolution
		{EA0C380E-3B30-4FBC-935E-501988256A74}.Debug|Any CPU.ActiveCfg = Debug|Any CPU
		{EA0C380E-3B30-4FBC-935E-501988256A74}.Debug|Any CPU.Build.0 = Debug|Any CPU
		{EA0C380E-3B30-4FBC-935E-501988256A74}.Release|Any CPU.ActiveCfg = Release|Any CPU
		{EA0C380E-3B30-4FBC-935E-501988256A74}.Release|Any CPU.Build.0 = Release|Any CPU
		{34312292-CCDD-4A55-938D-B101747A8173}.Debug|Any CPU.ActiveCfg = Debug|Any CPU
		{34312292-CCDD-4A55-938D-B101747A8173}.Debug|Any CPU.Build.0 = Debug|Any CPU
		{34312292-CCDD-4A55-938D-B101747A8173}.Release|Any CPU.ActiveCfg = Release|Any CPU
		{34312292-CCDD-4A55-938D-B101747A8173}.Release|Any CPU.Build.0 = Release|Any CPU
		{0EF75DD1-CD99-42B9-92A8-F93689875B29}.Debug|Any CPU.ActiveCfg = Debug|Any CPU
		{0EF75DD1-CD99-42B9-92A8-F93689875B29}.Debug|Any CPU.Build.0 = Debug|Any CPU
		{0EF75DD1-CD99-42B9-92A8-F93689875B29}.Release|Any CPU.ActiveCfg = Release|Any CPU
		{0EF75DD1-CD99-42B9-92A8-F93689875B29}.Release|Any CPU.Build.0 = Release|Any CPU
	EndGlobalSection
	GlobalSection(SolutionProperties) = preSolution
		HideSolutionNode = FALSE
	EndGlobalSection
	GlobalSection(ExtensibilityGlobals) = postSolution
		SolutionGuid = {C1C5BA4B-5843-456C-9D19-05537E024735}
	EndGlobalSection
EndGlobal
